// !$*UTF8*$!
{
	archiveVersion = 1;
	classes = {
	};
	objectVersion = 50;
	objects = {

/* Begin PBXBuildFile section */
		4D94C01B23C79560003FECC0 /* AppDelegate.swift in Sources */ = {isa = PBXBuildFile; fileRef = 4D94C01A23C79560003FECC0 /* AppDelegate.swift */; };
		4D94C01D23C79560003FECC0 /* SceneDelegate.swift in Sources */ = {isa = PBXBuildFile; fileRef = 4D94C01C23C79560003FECC0 /* SceneDelegate.swift */; };
		4D94C01F23C79560003FECC0 /* ViewController.swift in Sources */ = {isa = PBXBuildFile; fileRef = 4D94C01E23C79560003FECC0 /* ViewController.swift */; };
		4D94C02223C79560003FECC0 /* Main.storyboard in Resources */ = {isa = PBXBuildFile; fileRef = 4D94C02023C79560003FECC0 /* Main.storyboard */; };
		4D94C02423C79562003FECC0 /* Assets.xcassets in Resources */ = {isa = PBXBuildFile; fileRef = 4D94C02323C79562003FECC0 /* Assets.xcassets */; };
		4D94C02723C79562003FECC0 /* LaunchScreen.storyboard in Resources */ = {isa = PBXBuildFile; fileRef = 4D94C02523C79562003FECC0 /* LaunchScreen.storyboard */; };
		4D94C03223C79562003FECC0 /* KayaButtonTests.swift in Sources */ = {isa = PBXBuildFile; fileRef = 4D94C03123C79562003FECC0 /* KayaButtonTests.swift */; };
		4D94C03D23C79562003FECC0 /* KayaButtonUITests.swift in Sources */ = {isa = PBXBuildFile; fileRef = 4D94C03C23C79562003FECC0 /* KayaButtonUITests.swift */; };
		4D94C04C23C7997D003FECC0 /* KayaButton.swift in Sources */ = {isa = PBXBuildFile; fileRef = 4D94C04B23C7997D003FECC0 /* KayaButton.swift */; };
/* End PBXBuildFile section */

/* Begin PBXContainerItemProxy section */
		4D94C02E23C79562003FECC0 /* PBXContainerItemProxy */ = {
			isa = PBXContainerItemProxy;
			containerPortal = 4D94C00F23C79560003FECC0 /* Project object */;
			proxyType = 1;
			remoteGlobalIDString = 4D94C01623C79560003FECC0;
			remoteInfo = KayaButton;
		};
		4D94C03923C79562003FECC0 /* PBXContainerItemProxy */ = {
			isa = PBXContainerItemProxy;
			containerPortal = 4D94C00F23C79560003FECC0 /* Project object */;
			proxyType = 1;
			remoteGlobalIDString = 4D94C01623C79560003FECC0;
			remoteInfo = KayaButton;
		};
/* End PBXContainerItemProxy section */

/* Begin PBXFileReference section */
		4D94C01723C79560003FECC0 /* KayaButton.app */ = {isa = PBXFileReference; explicitFileType = wrapper.application; includeInIndex = 0; path = KayaButton.app; sourceTree = BUILT_PRODUCTS_DIR; };
		4D94C01A23C79560003FECC0 /* AppDelegate.swift */ = {isa = PBXFileReference; lastKnownFileType = sourcecode.swift; path = AppDelegate.swift; sourceTree = "<group>"; };
		4D94C01C23C79560003FECC0 /* SceneDelegate.swift */ = {isa = PBXFileReference; lastKnownFileType = sourcecode.swift; path = SceneDelegate.swift; sourceTree = "<group>"; };
		4D94C01E23C79560003FECC0 /* ViewController.swift */ = {isa = PBXFileReference; lastKnownFileType = sourcecode.swift; path = ViewController.swift; sourceTree = "<group>"; };
		4D94C02123C79560003FECC0 /* Base */ = {isa = PBXFileReference; lastKnownFileType = file.storyboard; name = Base; path = Base.lproj/Main.storyboard; sourceTree = "<group>"; };
		4D94C02323C79562003FECC0 /* Assets.xcassets */ = {isa = PBXFileReference; lastKnownFileType = folder.assetcatalog; path = Assets.xcassets; sourceTree = "<group>"; };
		4D94C02623C79562003FECC0 /* Base */ = {isa = PBXFileReference; lastKnownFileType = file.storyboard; name = Base; path = Base.lproj/LaunchScreen.storyboard; sourceTree = "<group>"; };
		4D94C02823C79562003FECC0 /* Info.plist */ = {isa = PBXFileReference; lastKnownFileType = text.plist.xml; path = Info.plist; sourceTree = "<group>"; };
		4D94C02D23C79562003FECC0 /* KayaButtonTests.xctest */ = {isa = PBXFileReference; explicitFileType = wrapper.cfbundle; includeInIndex = 0; path = KayaButtonTests.xctest; sourceTree = BUILT_PRODUCTS_DIR; };
		4D94C03123C79562003FECC0 /* KayaButtonTests.swift */ = {isa = PBXFileReference; lastKnownFileType = sourcecode.swift; path = KayaButtonTests.swift; sourceTree = "<group>"; };
		4D94C03323C79562003FECC0 /* Info.plist */ = {isa = PBXFileReference; lastKnownFileType = text.plist.xml; path = Info.plist; sourceTree = "<group>"; };
		4D94C03823C79562003FECC0 /* KayaButtonUITests.xctest */ = {isa = PBXFileReference; explicitFileType = wrapper.cfbundle; includeInIndex = 0; path = KayaButtonUITests.xctest; sourceTree = BUILT_PRODUCTS_DIR; };
		4D94C03C23C79562003FECC0 /* KayaButtonUITests.swift */ = {isa = PBXFileReference; lastKnownFileType = sourcecode.swift; path = KayaButtonUITests.swift; sourceTree = "<group>"; };
		4D94C03E23C79562003FECC0 /* Info.plist */ = {isa = PBXFileReference; lastKnownFileType = text.plist.xml; path = Info.plist; sourceTree = "<group>"; };
		4D94C04B23C7997D003FECC0 /* KayaButton.swift */ = {isa = PBXFileReference; lastKnownFileType = sourcecode.swift; path = KayaButton.swift; sourceTree = "<group>"; };
/* End PBXFileReference section */

/* Begin PBXFrameworksBuildPhase section */
		4D94C01423C79560003FECC0 /* Frameworks */ = {
			isa = PBXFrameworksBuildPhase;
			buildActionMask = 2147483647;
			files = (
			);
			runOnlyForDeploymentPostprocessing = 0;
		};
		4D94C02A23C79562003FECC0 /* Frameworks */ = {
			isa = PBXFrameworksBuildPhase;
			buildActionMask = 2147483647;
			files = (
			);
			runOnlyForDeploymentPostprocessing = 0;
		};
		4D94C03523C79562003FECC0 /* Frameworks */ = {
			isa = PBXFrameworksBuildPhase;
			buildActionMask = 2147483647;
			files = (
			);
			runOnlyForDeploymentPostprocessing = 0;
		};
/* End PBXFrameworksBuildPhase section */

/* Begin PBXGroup section */
		4D94C00E23C79560003FECC0 = {
			isa = PBXGroup;
			children = (
				4D94C01923C79560003FECC0 /* KayaButton */,
				4D94C03023C79562003FECC0 /* KayaButtonTests */,
				4D94C03B23C79562003FECC0 /* KayaButtonUITests */,
				4D94C01823C79560003FECC0 /* Products */,
			);
			sourceTree = "<group>";
		};
		4D94C01823C79560003FECC0 /* Products */ = {
			isa = PBXGroup;
			children = (
				4D94C01723C79560003FECC0 /* KayaButton.app */,
				4D94C02D23C79562003FECC0 /* KayaButtonTests.xctest */,
				4D94C03823C79562003FECC0 /* KayaButtonUITests.xctest */,
			);
			name = Products;
			sourceTree = "<group>";
		};
		4D94C01923C79560003FECC0 /* KayaButton */ = {
			isa = PBXGroup;
			children = (
				4D94C04A23C7992C003FECC0 /* KayaButtonLib */,
				4D94C01A23C79560003FECC0 /* AppDelegate.swift */,
				4D94C01C23C79560003FECC0 /* SceneDelegate.swift */,
				4D94C01E23C79560003FECC0 /* ViewController.swift */,
				4D94C02023C79560003FECC0 /* Main.storyboard */,
				4D94C02323C79562003FECC0 /* Assets.xcassets */,
				4D94C02523C79562003FECC0 /* LaunchScreen.storyboard */,
				4D94C02823C79562003FECC0 /* Info.plist */,
			);
			path = KayaButton;
			sourceTree = "<group>";
		};
		4D94C03023C79562003FECC0 /* KayaButtonTests */ = {
			isa = PBXGroup;
			children = (
				4D94C03123C79562003FECC0 /* KayaButtonTests.swift */,
				4D94C03323C79562003FECC0 /* Info.plist */,
			);
			path = KayaButtonTests;
			sourceTree = "<group>";
		};
		4D94C03B23C79562003FECC0 /* KayaButtonUITests */ = {
			isa = PBXGroup;
			children = (
				4D94C03C23C79562003FECC0 /* KayaButtonUITests.swift */,
				4D94C03E23C79562003FECC0 /* Info.plist */,
			);
			path = KayaButtonUITests;
			sourceTree = "<group>";
		};
		4D94C04A23C7992C003FECC0 /* KayaButtonLib */ = {
			isa = PBXGroup;
			children = (
				4D94C04B23C7997D003FECC0 /* KayaButton.swift */,
			);
			path = KayaButtonLib;
			sourceTree = "<group>";
		};
/* End PBXGroup section */

/* Begin PBXNativeTarget section */
		4D94C01623C79560003FECC0 /* KayaButton */ = {
			isa = PBXNativeTarget;
			buildConfigurationList = 4D94C04123C79562003FECC0 /* Build configuration list for PBXNativeTarget "KayaButton" */;
			buildPhases = (
				4D94C01323C79560003FECC0 /* Sources */,
				4D94C01423C79560003FECC0 /* Frameworks */,
				4D94C01523C79560003FECC0 /* Resources */,
			);
			buildRules = (
			);
			dependencies = (
			);
			name = KayaButton;
			productName = KayaButton;
			productReference = 4D94C01723C79560003FECC0 /* KayaButton.app */;
			productType = "com.apple.product-type.application";
		};
		4D94C02C23C79562003FECC0 /* KayaButtonTests */ = {
			isa = PBXNativeTarget;
			buildConfigurationList = 4D94C04423C79562003FECC0 /* Build configuration list for PBXNativeTarget "KayaButtonTests" */;
			buildPhases = (
				4D94C02923C79562003FECC0 /* Sources */,
				4D94C02A23C79562003FECC0 /* Frameworks */,
				4D94C02B23C79562003FECC0 /* Resources */,
			);
			buildRules = (
			);
			dependencies = (
				4D94C02F23C79562003FECC0 /* PBXTargetDependency */,
			);
			name = KayaButtonTests;
			productName = KayaButtonTests;
			productReference = 4D94C02D23C79562003FECC0 /* KayaButtonTests.xctest */;
			productType = "com.apple.product-type.bundle.unit-test";
		};
		4D94C03723C79562003FECC0 /* KayaButtonUITests */ = {
			isa = PBXNativeTarget;
			buildConfigurationList = 4D94C04723C79562003FECC0 /* Build configuration list for PBXNativeTarget "KayaButtonUITests" */;
			buildPhases = (
				4D94C03423C79562003FECC0 /* Sources */,
				4D94C03523C79562003FECC0 /* Frameworks */,
				4D94C03623C79562003FECC0 /* Resources */,
			);
			buildRules = (
			);
			dependencies = (
				4D94C03A23C79562003FECC0 /* PBXTargetDependency */,
			);
			name = KayaButtonUITests;
			productName = KayaButtonUITests;
			productReference = 4D94C03823C79562003FECC0 /* KayaButtonUITests.xctest */;
			productType = "com.apple.product-type.bundle.ui-testing";
		};
/* End PBXNativeTarget section */

/* Begin PBXProject section */
		4D94C00F23C79560003FECC0 /* Project object */ = {
			isa = PBXProject;
			attributes = {
				LastSwiftUpdateCheck = 1130;
				LastUpgradeCheck = 1130;
				ORGANIZATIONNAME = "namik kaya";
				TargetAttributes = {
					4D94C01623C79560003FECC0 = {
						CreatedOnToolsVersion = 11.3;
					};
					4D94C02C23C79562003FECC0 = {
						CreatedOnToolsVersion = 11.3;
						TestTargetID = 4D94C01623C79560003FECC0;
					};
					4D94C03723C79562003FECC0 = {
						CreatedOnToolsVersion = 11.3;
						TestTargetID = 4D94C01623C79560003FECC0;
					};
				};
			};
			buildConfigurationList = 4D94C01223C79560003FECC0 /* Build configuration list for PBXProject "KayaButton" */;
			compatibilityVersion = "Xcode 9.3";
			developmentRegion = en;
			hasScannedForEncodings = 0;
			knownRegions = (
				en,
				Base,
			);
			mainGroup = 4D94C00E23C79560003FECC0;
			productRefGroup = 4D94C01823C79560003FECC0 /* Products */;
			projectDirPath = "";
			projectRoot = "";
			targets = (
				4D94C01623C79560003FECC0 /* KayaButton */,
				4D94C02C23C79562003FECC0 /* KayaButtonTests */,
				4D94C03723C79562003FECC0 /* KayaButtonUITests */,
			);
		};
/* End PBXProject section */

/* Begin PBXResourcesBuildPhase section */
		4D94C01523C79560003FECC0 /* Resources */ = {
			isa = PBXResourcesBuildPhase;
			buildActionMask = 2147483647;
			files = (
				4D94C02723C79562003FECC0 /* LaunchScreen.storyboard in Resources */,
				4D94C02423C79562003FECC0 /* Assets.xcassets in Resources */,
				4D94C02223C79560003FECC0 /* Main.storyboard in Resources */,
			);
			runOnlyForDeploymentPostprocessing = 0;
		};
		4D94C02B23C79562003FECC0 /* Resources */ = {
			isa = PBXResourcesBuildPhase;
			buildActionMask = 2147483647;
			files = (
			);
			runOnlyForDeploymentPostprocessing = 0;
		};
		4D94C03623C79562003FECC0 /* Resources */ = {
			isa = PBXResourcesBuildPhase;
			buildActionMask = 2147483647;
			files = (
			);
			runOnlyForDeploymentPostprocessing = 0;
		};
/* End PBXResourcesBuildPhase section */

/* Begin PBXSourcesBuildPhase section */
		4D94C01323C79560003FECC0 /* Sources */ = {
			isa = PBXSourcesBuildPhase;
			buildActionMask = 2147483647;
			files = (
				4D94C01F23C79560003FECC0 /* ViewController.swift in Sources */,
				4D94C04C23C7997D003FECC0 /* KayaButton.swift in Sources */,
				4D94C01B23C79560003FECC0 /* AppDelegate.swift in Sources */,
				4D94C01D23C79560003FECC0 /* SceneDelegate.swift in Sources */,
			);
			runOnlyForDeploymentPostprocessing = 0;
		};
		4D94C02923C79562003FECC0 /* Sources */ = {
			isa = PBXSourcesBuildPhase;
			buildActionMask = 2147483647;
			files = (
				4D94C03223C79562003FECC0 /* KayaButtonTests.swift in Sources */,
			);
			runOnlyForDeploymentPostprocessing = 0;
		};
		4D94C03423C79562003FECC0 /* Sources */ = {
			isa = PBXSourcesBuildPhase;
			buildActionMask = 2147483647;
			files = (
				4D94C03D23C79562003FECC0 /* KayaButtonUITests.swift in Sources */,
			);
			runOnlyForDeploymentPostprocessing = 0;
		};
/* End PBXSourcesBuildPhase section */

/* Begin PBXTargetDependency section */
		4D94C02F23C79562003FECC0 /* PBXTargetDependency */ = {
			isa = PBXTargetDependency;
			target = 4D94C01623C79560003FECC0 /* KayaButton */;
			targetProxy = 4D94C02E23C79562003FECC0 /* PBXContainerItemProxy */;
		};
		4D94C03A23C79562003FECC0 /* PBXTargetDependency */ = {
			isa = PBXTargetDependency;
			target = 4D94C01623C79560003FECC0 /* KayaButton */;
			targetProxy = 4D94C03923C79562003FECC0 /* PBXContainerItemProxy */;
		};
/* End PBXTargetDependency section */

/* Begin PBXVariantGroup section */
		4D94C02023C79560003FECC0 /* Main.storyboard */ = {
			isa = PBXVariantGroup;
			children = (
				4D94C02123C79560003FECC0 /* Base */,
			);
			name = Main.storyboard;
			sourceTree = "<group>";
		};
		4D94C02523C79562003FECC0 /* LaunchScreen.storyboard */ = {
			isa = PBXVariantGroup;
			children = (
				4D94C02623C79562003FECC0 /* Base */,
			);
			name = LaunchScreen.storyboard;
			sourceTree = "<group>";
		};
/* End PBXVariantGroup section */

/* Begin XCBuildConfiguration section */
		4D94C03F23C79562003FECC0 /* Debug */ = {
			isa = XCBuildConfiguration;
			buildSettings = {
				ALWAYS_SEARCH_USER_PATHS = NO;
				CLANG_ANALYZER_NONNULL = YES;
				CLANG_ANALYZER_NUMBER_OBJECT_CONVERSION = YES_AGGRESSIVE;
				CLANG_CXX_LANGUAGE_STANDARD = "gnu++14";
				CLANG_CXX_LIBRARY = "libc++";
				CLANG_ENABLE_MODULES = YES;
				CLANG_ENABLE_OBJC_ARC = YES;
				CLANG_ENABLE_OBJC_WEAK = YES;
				CLANG_WARN_BLOCK_CAPTURE_AUTORELEASING = YES;
				CLANG_WARN_BOOL_CONVERSION = YES;
				CLANG_WARN_COMMA = YES;
				CLANG_WARN_CONSTANT_CONVERSION = YES;
				CLANG_WARN_DEPRECATED_OBJC_IMPLEMENTATIONS = YES;
				CLANG_WARN_DIRECT_OBJC_ISA_USAGE = YES_ERROR;
				CLANG_WARN_DOCUMENTATION_COMMENTS = YES;
				CLANG_WARN_EMPTY_BODY = YES;
				CLANG_WARN_ENUM_CONVERSION = YES;
				CLANG_WARN_INFINITE_RECURSION = YES;
				CLANG_WARN_INT_CONVERSION = YES;
				CLANG_WARN_NON_LITERAL_NULL_CONVERSION = YES;
				CLANG_WARN_OBJC_IMPLICIT_RETAIN_SELF = YES;
				CLANG_WARN_OBJC_LITERAL_CONVERSION = YES;
				CLANG_WARN_OBJC_ROOT_CLASS = YES_ERROR;
				CLANG_WARN_RANGE_LOOP_ANALYSIS = YES;
				CLANG_WARN_STRICT_PROTOTYPES = YES;
				CLANG_WARN_SUSPICIOUS_MOVE = YES;
				CLANG_WARN_UNGUARDED_AVAILABILITY = YES_AGGRESSIVE;
				CLANG_WARN_UNREACHABLE_CODE = YES;
				CLANG_WARN__DUPLICATE_METHOD_MATCH = YES;
				COPY_PHASE_STRIP = NO;
				DEBUG_INFORMATION_FORMAT = dwarf;
				ENABLE_STRICT_OBJC_MSGSEND = YES;
				ENABLE_TESTABILITY = YES;
				GCC_C_LANGUAGE_STANDARD = gnu11;
				GCC_DYNAMIC_NO_PIC = NO;
				GCC_NO_COMMON_BLOCKS = YES;
				GCC_OPTIMIZATION_LEVEL = 0;
				GCC_PREPROCESSOR_DEFINITIONS = (
					"DEBUG=1",
					"$(inherited)",
				);
				GCC_WARN_64_TO_32_BIT_CONVERSION = YES;
				GCC_WARN_ABOUT_RETURN_TYPE = YES_ERROR;
				GCC_WARN_UNDECLARED_SELECTOR = YES;
				GCC_WARN_UNINITIALIZED_AUTOS = YES_AGGRESSIVE;
				GCC_WARN_UNUSED_FUNCTION = YES;
				GCC_WARN_UNUSED_VARIABLE = YES;
				IPHONEOS_DEPLOYMENT_TARGET = 13.2;
				MTL_ENABLE_DEBUG_INFO = INCLUDE_SOURCE;
				MTL_FAST_MATH = YES;
				ONLY_ACTIVE_ARCH = YES;
				SDKROOT = iphoneos;
				SWIFT_ACTIVE_COMPILATION_CONDITIONS = DEBUG;
				SWIFT_OPTIMIZATION_LEVEL = "-Onone";
			};
			name = Debug;
		};
		4D94C04023C79562003FECC0 /* Release */ = {
			isa = XCBuildConfiguration;
			buildSettings = {
				ALWAYS_SEARCH_USER_PATHS = NO;
				CLANG_ANALYZER_NONNULL = YES;
				CLANG_ANALYZER_NUMBER_OBJECT_CONVERSION = YES_AGGRESSIVE;
				CLANG_CXX_LANGUAGE_STANDARD = "gnu++14";
				CLANG_CXX_LIBRARY = "libc++";
				CLANG_ENABLE_MODULES = YES;
				CLANG_ENABLE_OBJC_ARC = YES;
				CLANG_ENABLE_OBJC_WEAK = YES;
				CLANG_WARN_BLOCK_CAPTURE_AUTORELEASING = YES;
				CLANG_WARN_BOOL_CONVERSION = YES;
				CLANG_WARN_COMMA = YES;
				CLANG_WARN_CONSTANT_CONVERSION = YES;
				CLANG_WARN_DEPRECATED_OBJC_IMPLEMENTATIONS = YES;
				CLANG_WARN_DIRECT_OBJC_ISA_USAGE = YES_ERROR;
				CLANG_WARN_DOCUMENTATION_COMMENTS = YES;
				CLANG_WARN_EMPTY_BODY = YES;
				CLANG_WARN_ENUM_CONVERSION = YES;
				CLANG_WARN_INFINITE_RECURSION = YES;
				CLANG_WARN_INT_CONVERSION = YES;
				CLANG_WARN_NON_LITERAL_NULL_CONVERSION = YES;
				CLANG_WARN_OBJC_IMPLICIT_RETAIN_SELF = YES;
				CLANG_WARN_OBJC_LITERAL_CONVERSION = YES;
				CLANG_WARN_OBJC_ROOT_CLASS = YES_ERROR;
				CLANG_WARN_RANGE_LOOP_ANALYSIS = YES;
				CLANG_WARN_STRICT_PROTOTYPES = YES;
				CLANG_WARN_SUSPICIOUS_MOVE = YES;
				CLANG_WARN_UNGUARDED_AVAILABILITY = YES_AGGRESSIVE;
				CLANG_WARN_UNREACHABLE_CODE = YES;
				CLANG_WARN__DUPLICATE_METHOD_MATCH = YES;
				COPY_PHASE_STRIP = NO;
				DEBUG_INFORMATION_FORMAT = "dwarf-with-dsym";
				ENABLE_NS_ASSERTIONS = NO;
				ENABLE_STRICT_OBJC_MSGSEND = YES;
				GCC_C_LANGUAGE_STANDARD = gnu11;
				GCC_NO_COMMON_BLOCKS = YES;
				GCC_WARN_64_TO_32_BIT_CONVERSION = YES;
				GCC_WARN_ABOUT_RETURN_TYPE = YES_ERROR;
				GCC_WARN_UNDECLARED_SELECTOR = YES;
				GCC_WARN_UNINITIALIZED_AUTOS = YES_AGGRESSIVE;
				GCC_WARN_UNUSED_FUNCTION = YES;
				GCC_WARN_UNUSED_VARIABLE = YES;
				IPHONEOS_DEPLOYMENT_TARGET = 13.2;
				MTL_ENABLE_DEBUG_INFO = NO;
				MTL_FAST_MATH = YES;
				SDKROOT = iphoneos;
				SWIFT_COMPILATION_MODE = wholemodule;
				SWIFT_OPTIMIZATION_LEVEL = "-O";
				VALIDATE_PRODUCT = YES;
			};
			name = Release;
		};
		4D94C04223C79562003FECC0 /* Debug */ = {
			isa = XCBuildConfiguration;
			buildSettings = {
				ASSETCATALOG_COMPILER_APPICON_NAME = AppIcon;
				CODE_SIGN_STYLE = Automatic;
				INFOPLIST_FILE = KayaButton/Info.plist;
				LD_RUNPATH_SEARCH_PATHS = (
					"$(inherited)",
					"@executable_path/Frameworks",
				);
				PRODUCT_BUNDLE_IDENTIFIER = namikkaya.KayaButton;
				PRODUCT_NAME = "$(TARGET_NAME)";
				SWIFT_VERSION = 5.0;
				TARGETED_DEVICE_FAMILY = "1,2";
			};
			name = Debug;
		};
		4D94C04323C79562003FECC0 /* Release */ = {
			isa = XCBuildConfiguration;
			buildSettings = {
				ASSETCATALOG_COMPILER_APPICON_NAME = AppIcon;
				CODE_SIGN_STYLE = Automatic;
				INFOPLIST_FILE = KayaButton/Info.plist;
				LD_RUNPATH_SEARCH_PATHS = (
					"$(inherited)",
					"@executable_path/Frameworks",
				);
				PRODUCT_BUNDLE_IDENTIFIER = namikkaya.KayaButton;
				PRODUCT_NAME = "$(TARGET_NAME)";
				SWIFT_VERSION = 5.0;
				TARGETED_DEVICE_FAMILY = "1,2";
			};
			name = Release;
		};
		4D94C04523C79562003FECC0 /* Debug */ = {
			isa = XCBuildConfiguration;
			buildSettings = {
				ALWAYS_EMBED_SWIFT_STANDARD_LIBRARIES = YES;
				BUNDLE_LOADER = "$(TEST_HOST)";
				CODE_SIGN_STYLE = Automatic;
				INFOPLIST_FILE = KayaButtonTests/Info.plist;
				IPHONEOS_DEPLOYMENT_TARGET = 13.2;
				LD_RUNPATH_SEARCH_PATHS = (
					"$(inherited)",
					"@executable_path/Frameworks",
					"@loader_path/Frameworks",
				);
				PRODUCT_BUNDLE_IDENTIFIER = namikkaya.KayaButtonTests;
				PRODUCT_NAME = "$(TARGET_NAME)";
				SWIFT_VERSION = 5.0;
				TARGETED_DEVICE_FAMILY = "1,2";
				TEST_HOST = "$(BUILT_PRODUCTS_DIR)/KayaButton.app/KayaButton";
			};
			name = Debug;
		};
		4D94C04623C79562003FECC0 /* Release */ = {
			isa = XCBuildConfiguration;
			buildSettings = {
				ALWAYS_EMBED_SWIFT_STANDARD_LIBRARIES = YES;
				BUNDLE_LOADER = "$(TEST_HOST)";
				CODE_SIGN_STYLE = Automatic;
				INFOPLIST_FILE = KayaButtonTests/Info.plist;
				IPHONEOS_DEPLOYMENT_TARGET = 13.2;
				LD_RUNPATH_SEARCH_PATHS = (
					"$(inherited)",
					"@executable_path/Frameworks",
					"@loader_path/Frameworks",
				);
				PRODUCT_BUNDLE_IDENTIFIER = namikkaya.KayaButtonTests;
				PRODUCT_NAME = "$(TARGET_NAME)";
				SWIFT_VERSION = 5.0;
				TARGETED_DEVICE_FAMILY = "1,2";
				TEST_HOST = "$(BUILT_PRODUCTS_DIR)/KayaButton.app/KayaButton";
			};
			name = Release;
		};
		4D94C04823C79562003FECC0 /* Debug */ = {
			isa = XCBuildConfiguration;
			buildSettings = {
				ALWAYS_EMBED_SWIFT_STANDARD_LIBRARIES = YES;
				CODE_SIGN_STYLE = Automatic;
				INFOPLIST_FILE = KayaButtonUITests/Info.plist;
				LD_RUNPATH_SEARCH_PATHS = (
					"$(inherited)",
					"@executable_path/Frameworks",
					"@loader_path/Frameworks",
				);
				PRODUCT_BUNDLE_IDENTIFIER = namikkaya.KayaButtonUITests;
				PRODUCT_NAME = "$(TARGET_NAME)";
				SWIFT_VERSION = 5.0;
				TARGETED_DEVICE_FAMILY = "1,2";
				TEST_TARGET_NAME = KayaButton;
			};
			name = Debug;
		};
		4D94C04923C79562003FECC0 /* Release */ = {
			isa = XCBuildConfiguration;
			buildSettings = {
				ALWAYS_EMBED_SWIFT_STANDARD_LIBRARIES = YES;
				CODE_SIGN_STYLE = Automatic;
				INFOPLIST_FILE = KayaButtonUITests/Info.plist;
				LD_RUNPATH_SEARCH_PATHS = (
					"$(inherited)",
					"@executable_path/Frameworks",
					"@loader_path/Frameworks",
				);
				PRODUCT_BUNDLE_IDENTIFIER = namikkaya.KayaButtonUITests;
				PRODUCT_NAME = "$(TARGET_NAME)";
				SWIFT_VERSION = 5.0;
				TARGETED_DEVICE_FAMILY = "1,2";
				TEST_TARGET_NAME = KayaButton;
			};
			name = Release;
		};
/* End XCBuildConfiguration section */

/* Begin XCConfigurationList section */
		4D94C01223C79560003FECC0 /* Build configuration list for PBXProject "KayaButton" */ = {
			isa = XCConfigurationList;
			buildConfigurations = (
				4D94C03F23C79562003FECC0 /* Debug */,
				4D94C04023C79562003FECC0 /* Release */,
			);
			defaultConfigurationIsVisible = 0;
			defaultConfigurationName = Release;
		};
		4D94C04123C79562003FECC0 /* Build configuration list for PBXNativeTarget "KayaButton" */ = {
			isa = XCConfigurationList;
			buildConfigurations = (
				4D94C04223C79562003FECC0 /* Debug */,
				4D94C04323C79562003FECC0 /* Release */,
			);
			defaultConfigurationIsVisible = 0;
			defaultConfigurationName = Release;
		};
		4D94C04423C79562003FECC0 /* Build configuration list for PBXNativeTarget "KayaButtonTests" */ = {
			isa = XCConfigurationList;
			buildConfigurations = (
				4D94C04523C79562003FECC0 /* Debug */,
				4D94C04623C79562003FECC0 /* Release */,
			);
			defaultConfigurationIsVisible = 0;
			defaultConfigurationName = Release;
		};
		4D94C04723C79562003FECC0 /* Build configuration list for PBXNativeTarget "KayaButtonUITests" */ = {
			isa = XCConfigurationList;
			buildConfigurations = (
				4D94C04823C79562003FECC0 /* Debug */,
				4D94C04923C79562003FECC0 /* Release */,
			);
			defaultConfigurationIsVisible = 0;
			defaultConfigurationName = Release;
		};
/* End XCConfigurationList section */
	};
	rootObject = 4D94C00F23C79560003FECC0 /* Project object */;
}
